{
  "meteor": {},
  "dependencies": {
    "basePackages": {
      "iron-router": {},
      "bootstrap3-less": {},
      "font-awesome-4-less": {},
      "accounts-ui-bootstrap-3": {},
      "marked": {},
      "jquery.transit": {},
      "GAnalytics": {},
      "hammer": {},
      "respond": {}
    },
    "packages": {
      "iron-router": {
        "git": "https://github.com/EventedMind/iron-router.git",
        "tag": "v0.6.4",
        "commit": "927bbaed1b87894fb6fb70807f74ff3a5bd89f29"
      },
      "bootstrap3-less": {
        "git": "https://github.com/eprochasson/bootstrap3-less",
        "tag": "v0.1.9",
        "commit": "5c812c4d7ce72917a065f0424c3cf54e5ff2d16a"
      },
      "font-awesome-4-less": {
        "git": "https://github.com/svub/fontawesome4-less.git",
        "tag": "v4.0.3.2",
        "commit": "f269e4e2cfa03b292452b658fdf50afb02a9f14c"
      },
      "accounts-ui-bootstrap-3": {
        "git": "https://github.com/mangasocial/meteor-accounts-ui-bootstrap-3.git",
        "tag": "v0.2.5",
        "commit": "91cd37a1320213dd209c3a668bf542eeb9c39a00"
      },
      "marked": {
        "git": "https://github.com/chuangbo/meteor-marked.git",
        "tag": "v0.3.1",
        "commit": "3d9a9c94793b20e1ee7c807931cb536010d6f820"
      },
      "jquery.transit": {
        "git": "https://github.com/noorderstorm/meteor-jquery-transit.git",
        "tag": "v0.1.0",
        "commit": "d3b8a4149ab40b14b125edd473c3850177895fb5"
      },
      "GAnalytics": {
        "git": "https://github.com/datariot/meteor-ganalytics.git",
        "tag": "v0.1.1",
        "commit": "91b19d37687bb2cd7976fb43b482143a53509d7e"
      },
      "hammer": {
        "git": "https://github.com/noorderstorm/meteor-hammer.git",
        "tag": "v0.1.3",
        "commit": "1d37707c251c04c7d9b6023ba959b23c1f257c44"
      },
      "respond": {
        "git": "https://github.com/BenjaminRH/meteor-respond.git",
        "tag": "v0.1.0",
        "commit": "a8a867580f9a08759fdf02a2d0254ff6bb223391"
      }
    }
  }
}
